
Microsoft Visual Studio Solution File, Format Version 12.00
# Visual Studio 15
VisualStudioVersion = 15.0.27130.2026
MinimumVisualStudioVersion = 10.0.40219.1
Project("{9A19103F-16F7-4668-BE54-9A1E7A4F7556}") = "ChatLogicLayer", "ChatLogicLayer\ChatLogicLayer.csproj", "{16DEFD88-3CD6-4BD3-A672-AE9D083BEFFB}"
EndProject
Project("{9A19103F-16F7-4668-BE54-9A1E7A4F7556}") = "ChatBotBroker", "ChatBotBroker\ChatBotBroker.csproj", "{47DB784A-F1BE-49FC-A713-5A76A53604FA}"
EndProject
Project("{FAE04EC0-301F-11D3-BF4B-00C04F79EFBC}") = "ChatBotBroker.Test", "ChatBotBroker.Test\ChatBotBroker.Test.csproj", "{4AEAB0E8-1944-46FE-84DF-D98B0A8D6B61}"
EndProject
Global
	GlobalSection(SolutionConfigurationPlatforms) = preSolution
		Debug|Any CPU = Debug|Any CPU
		Release|Any CPU = Release|Any CPU
	EndGlobalSection
	GlobalSection(ProjectConfigurationPlatforms) = postSolution
		{16DEFD88-3CD6-4BD3-A672-AE9D083BEFFB}.Debug|Any CPU.ActiveCfg = Debug|Any CPU
		{16DEFD88-3CD6-4BD3-A672-AE9D083BEFFB}.Debug|Any CPU.Build.0 = Debug|Any CPU
		{16DEFD88-3CD6-4BD3-A672-AE9D083BEFFB}.Release|Any CPU.ActiveCfg = Release|Any CPU
		{16DEFD88-3CD6-4BD3-A672-AE9D083BEFFB}.Release|Any CPU.Build.0 = Release|Any CPU
		{47DB784A-F1BE-49FC-A713-5A76A53604FA}.Debug|Any CPU.ActiveCfg = Debug|Any CPU
		{47DB784A-F1BE-49FC-A713-5A76A53604FA}.Debug|Any CPU.Build.0 = Debug|Any CPU
		{47DB784A-F1BE-49FC-A713-5A76A53604FA}.Release|Any CPU.ActiveCfg = Release|Any CPU
		{47DB784A-F1BE-49FC-A713-5A76A53604FA}.Release|Any CPU.Build.0 = Release|Any CPU
		{4AEAB0E8-1944-46FE-84DF-D98B0A8D6B61}.Debug|Any CPU.ActiveCfg = Debug|Any CPU
		{4AEAB0E8-1944-46FE-84DF-D98B0A8D6B61}.Debug|Any CPU.Build.0 = Debug|Any CPU
		{4AEAB0E8-1944-46FE-84DF-D98B0A8D6B61}.Release|Any CPU.ActiveCfg = Release|Any CPU
		{4AEAB0E8-1944-46FE-84DF-D98B0A8D6B61}.Release|Any CPU.Build.0 = Release|Any CPU
	EndGlobalSection
	GlobalSection(SolutionProperties) = preSolution
		HideSolutionNode = FALSE
	EndGlobalSection
	GlobalSection(ExtensibilityGlobals) = postSolution
		SolutionGuid = {A40914BA-4B7C-422C-9C3D-D34B28D385A7}
	EndGlobalSection
EndGlobal
